
Microsoft Visual Studio Solution File, Format Version 11.00
# Visual Studio 2010
Project("{FAE04EC0-301F-11D3-BF4B-00C04F79EFBC}") = "Assembly-CSharp", "Assembly-CSharp.csproj", "{76abdb3a-3674-8580-2102-782a2a05ad98}"
EndProject
Project("{FAE04EC0-301F-11D3-BF4B-00C04F79EFBC}") = "Sirenix.OdinInspector.Modules.UnityMathematics", "Sirenix.OdinInspector.Modules.UnityMathematics.csproj", "{0471526a-2b57-7a4d-291f-b2635b060c64}"
EndProject
Project("{FAE04EC0-301F-11D3-BF4B-00C04F79EFBC}") = "Assembly-CSharp-firstpass", "Assembly-CSharp-firstpass.csproj", "{bea114fe-3086-a605-7fdb-b775df63f1f8}"
EndProject
Project("{FAE04EC0-301F-11D3-BF4B-00C04F79EFBC}") = "Assembly-CSharp-Editor-firstpass", "Assembly-CSharp-Editor-firstpass.csproj", "{520c95db-5b79-a766-3df2-e4c73ffc1873}"
EndProject
Global
	GlobalSection(SolutionConfigurationPlatforms) = preSolution
		Debug|Any CPU = Debug|Any CPU
	EndGlobalSection
	GlobalSection(ProjectConfigurationPlatforms) = postSolution
		{76abdb3a-3674-8580-2102-782a2a05ad98}.Debug|Any CPU.ActiveCfg = Debug|Any CPU
		{76abdb3a-3674-8580-2102-782a2a05ad98}.Debug|Any CPU.Build.0 = Debug|Any CPU
		{0471526a-2b57-7a4d-291f-b2635b060c64}.Debug|Any CPU.ActiveCfg = Debug|Any CPU
		{0471526a-2b57-7a4d-291f-b2635b060c64}.Debug|Any CPU.Build.0 = Debug|Any CPU
		{bea114fe-3086-a605-7fdb-b775df63f1f8}.Debug|Any CPU.ActiveCfg = Debug|Any CPU
		{bea114fe-3086-a605-7fdb-b775df63f1f8}.Debug|Any CPU.Build.0 = Debug|Any CPU
		{520c95db-5b79-a766-3df2-e4c73ffc1873}.Debug|Any CPU.ActiveCfg = Debug|Any CPU
		{520c95db-5b79-a766-3df2-e4c73ffc1873}.Debug|Any CPU.Build.0 = Debug|Any CPU
	EndGlobalSection
	GlobalSection(SolutionProperties) = preSolution
		HideSolutionNode = FALSE
	EndGlobalSection
EndGlobal
